
Microsoft Visual Studio Solution File, Format Version 12.00
# Visual Studio Version 17
VisualStudioVersion = 17.5.002.0
MinimumVisualStudioVersion = 10.0.40219.1
Project("{9A19103F-16F7-4668-BE54-9A1E7A4F7556}") = "HouseRules", "HouseRules.csproj", "{561E6D24-DACC-4418-8940-33333FFDA6CF}"
EndProject
Global
	GlobalSection(SolutionConfigurationPlatforms) = preSolution
		Debug|Any CPU = Debug|Any CPU
		Release|Any CPU = Release|Any CPU
	EndGlobalSection
	GlobalSection(ProjectConfigurationPlatforms) = postSolution
		{561E6D24-DACC-4418-8940-33333FFDA6CF}.Debug|Any CPU.ActiveCfg = Debug|Any CPU
		{561E6D24-DACC-4418-8940-33333FFDA6CF}.Debug|Any CPU.Build.0 = Debug|Any CPU
		{561E6D24-DACC-4418-8940-33333FFDA6CF}.Release|Any CPU.ActiveCfg = Release|Any CPU
		{561E6D24-DACC-4418-8940-33333FFDA6CF}.Release|Any CPU.Build.0 = Release|Any CPU
	EndGlobalSection
	GlobalSection(SolutionProperties) = preSolution
		HideSolutionNode = FALSE
	EndGlobalSection
	GlobalSection(ExtensibilityGlobals) = postSolution
		SolutionGuid = {16816F39-16FB-4329-A6FC-2E8A8FDF70F7}
	EndGlobalSection
EndGlobal
